<?xml version="1.0" encoding="utf-8"?>
<Project ToolsVersion="4.0" xmlns="http://schemas.microsoft.com/developer/msbuild/2003">
  <ItemGroup>
    <Filter Include="Исходные файлы">
      <UniqueIdentifier>{4FC737F1-C7A5-4376-A066-2A32D752A2FF}</UniqueIdentifier>
      <Extensions>cpp;c;cc;cxx;c++;cppm;ixx;def;odl;idl;hpj;bat;asm;asmx</Extensions>
    </Filter>
    <Filter Include="Файлы заголовков">
      <UniqueIdentifier>{93995380-89BD-4b04-88EB-625FBE52EBFB}</UniqueIdentifier>
      <Extensions>h;hh;hpp;hxx;h++;hm;inl;inc;ipp;xsd</Extensions>
    </Filter>
    <Filter Include="Файлы ресурсов">
      <UniqueIdentifier>{67DA6AB6-F800-4c08-8B7A-83BB121AAD01}</UniqueIdentifier>
      <Extensions>rc;ico;cur;bmp;dlg;rc2;rct;bin;rgs;gif;jpg;jpeg;jpe;resx;tiff;tif;png;wav;mfcribbon-ms</Extensions>
    </Filter>
  </ItemGroup>
  <ItemGroup>
    <ClCompile Include="Source.cpp">
      <Filter>Исходные файлы</Filter>
    </ClCompile>
    <ClCompile Include="figure.cpp">
      <Filter>Исходные файлы</Filter>
    </ClCompile>
    <ClCompile Include="treu.cpp">
      <Filter>Исходные файлы</Filter>
    </ClCompile>
    <ClCompile Include="chetyre.cpp">
      <Filter>Исходные файлы</Filter>
    </ClCompile>
    <ClCompile Include="pryougolnyi.cpp">
      <Filter>Исходные файлы</Filter>
    </ClCompile>
    <ClCompile Include="ravnobedr.cpp">
      <Filter>Исходные файлы</Filter>
    </ClCompile>
    <ClCompile Include="ravnostor.cpp">
      <Filter>Исходные файлы</Filter>
    </ClCompile>
    <ClCompile Include="prymougol.cpp">
      <Filter>Исходные файлы</Filter>
    </ClCompile>
    <ClCompile Include="kvadrat.cpp">
      <Filter>Исходные файлы</Filter>
    </ClCompile>
    <ClCompile Include="parralelogram.cpp">
      <Filter>Исходные файлы</Filter>
    </ClCompile>
    <ClCompile Include="romb.cpp">
      <Filter>Исходные файлы</Filter>
    </ClCompile>
  </ItemGroup>
  <ItemGroup>
    <ClInclude Include="figure.h">
      <Filter>Файлы заголовков</Filter>
    </ClInclude>
    <ClInclude Include="treu.h">
      <Filter>Файлы заголовков</Filter>
    </ClInclude>
    <ClInclude Include="chetyre.h">
      <Filter>Файлы заголовков</Filter>
    </ClInclude>
    <ClInclude Include="pryougolnyi.h">
      <Filter>Файлы заголовков</Filter>
    </ClInclude>
    <ClInclude Include="ravnobedr.h">
      <Filter>Файлы заголовков</Filter>
    </ClInclude>
    <ClInclude Include="Header.h">
      <Filter>Файлы заголовков</Filter>
    </ClInclude>
    <ClInclude Include="ravnostor.h">
      <Filter>Файлы заголовков</Filter>
    </ClInclude>
    <ClInclude Include="prymougol.h">
      <Filter>Файлы заголовков</Filter>
    </ClInclude>
    <ClInclude Include="kvadrat.h">
      <Filter>Файлы заголовков</Filter>
    </ClInclude>
    <ClInclude Include="parralelogram.h">
      <Filter>Файлы заголовков</Filter>
    </ClInclude>
    <ClInclude Include="romb.h">
      <Filter>Файлы заголовков</Filter>
    </ClInclude>
  </ItemGroup>
</Project>